{
  "object": {
    "pins": [
      {
        "package": "GraphicsRenderer",
        "repositoryURL": "https://github.com/shaps80/GraphicsRenderer",
        "state": {
          "branch": null,
          "revision": "fa9b28096ea13eb59333a02d616244482ad6039f",
          "version": "1.4.4"
        }
      }
    ]
  },
  "version": 1
}
